{
  "name": "add-contact",
  "version": "1.0.0",
  "lockfileVersion": 1,
  "requires": true,
  "dependencies": {
    "any-base": {
      "version": "1.1.0",
      "resolved": "https://tylertech.jfrog.io/tylertech/api/npm/npm/any-base/-/any-base-1.1.0.tgz",
      "integrity": "sha1-rhAaYrwIpZe0yatbcInUVmMFSf4=",
      "dev": true
    },
    "aws-sdk": {
      "version": "2.650.0",
      "resolved": "https://tylertech.jfrog.io/tylertech/api/npm/npm/aws-sdk/-/aws-sdk-2.650.0.tgz",
      "integrity": "sha1-7fmVzygFyRjXRwplLxMWrpAsWqQ=",
      "dev": true,
      "requires": {
        "buffer": "4.9.1",
        "events": "1.1.1",
        "ieee754": "1.1.13",
        "jmespath": "0.15.0",
        "querystring": "0.2.0",
        "sax": "1.2.1",
        "url": "0.10.3",
        "uuid": "3.3.2",
        "xml2js": "0.4.19"
      }
    },
    "base64-js": {
      "version": "1.3.1",
      "resolved": "https://tylertech.jfrog.io/tylertech/api/npm/npm/base64-js/-/base64-js-1.3.1.tgz",
      "integrity": "sha1-WOzoy3XdB+ce0IxzarxfrE2/jfE=",
      "dev": true
    },
    "buffer": {
      "version": "4.9.1",
      "resolved": "https://tylertech.jfrog.io/tylertech/api/npm/npm/buffer/-/buffer-4.9.1.tgz",
      "integrity": "sha1-bRu2AbB6TvztlwlBMgkwJ8lbwpg=",
      "dev": true,
      "requires": {
        "base64-js": "^1.0.2",
        "ieee754": "^1.1.4",
        "isarray": "^1.0.0"
      }
    },
    "events": {
      "version": "1.1.1",
      "resolved": "https://tylertech.jfrog.io/tylertech/api/npm/npm/events/-/events-1.1.1.tgz",
      "integrity": "sha1-nr23Y1rQmccNzEwqH1AEKI6L2SQ=",
      "dev": true
    },
    "http-status-codes": {
      "version": "1.4.0",
      "resolved": "https://tylertech.jfrog.io/tylertech/api/npm/npm/http-status-codes/-/http-status-codes-1.4.0.tgz",
      "integrity": "sha1-bkwV0W/zqeLfA7ifOlXhquBftHc=",
      "dev": true
    },
    "ieee754": {
      "version": "1.1.13",
      "resolved": "https://tylertech.jfrog.io/tylertech/api/npm/npm/ieee754/-/ieee754-1.1.13.tgz",
      "integrity": "sha1-7BaFWOlaoYH9h9N/VcMrvLZwi4Q=",
      "dev": true
    },
    "isarray": {
      "version": "1.0.0",
      "resolved": "https://tylertech.jfrog.io/tylertech/api/npm/npm/isarray/-/isarray-1.0.0.tgz",
      "integrity": "sha1-u5NdSFgsuhaMBoNJV6VKPgcSTxE=",
      "dev": true
    },
    "jmespath": {
      "version": "0.15.0",
      "resolved": "https://tylertech.jfrog.io/tylertech/api/npm/npm/jmespath/-/jmespath-0.15.0.tgz",
      "integrity": "sha1-o/Iiqarp+Wb10nx5ZRDigJF2Qhc=",
      "dev": true
    },
    "punycode": {
      "version": "1.3.2",
      "resolved": "https://tylertech.jfrog.io/tylertech/api/npm/npm/punycode/-/punycode-1.3.2.tgz",
      "integrity": "sha1-llOgNvt8HuQjQvIyXM7v6jkmxI0=",
      "dev": true
    },
    "querystring": {
      "version": "0.2.0",
      "resolved": "https://tylertech.jfrog.io/tylertech/api/npm/npm/querystring/-/querystring-0.2.0.tgz",
      "integrity": "sha1-sgmEkgO7Jd+CDadW50cAWHhSFiA=",
      "dev": true
    },
    "sax": {
      "version": "1.2.1",
      "resolved": "https://tylertech.jfrog.io/tylertech/api/npm/npm/sax/-/sax-1.2.1.tgz",
      "integrity": "sha1-e45lYZCyKOgaZq6nSEgNgozS03o=",
      "dev": true
    },
    "short-uuid": {
      "version": "3.1.1",
      "resolved": "https://tylertech.jfrog.io/tylertech/api/npm/npm/short-uuid/-/short-uuid-3.1.1.tgz",
      "integrity": "sha1-P/QnB0tfp4IsN5OZTRinqC4vc6Q=",
      "dev": true,
      "requires": {
        "any-base": "^1.1.0",
        "uuid": "^3.3.2"
      }
    },
    "url": {
      "version": "0.10.3",
      "resolved": "https://tylertech.jfrog.io/tylertech/api/npm/npm/url/-/url-0.10.3.tgz",
      "integrity": "sha1-Ah5NnHcF8hu/N9A861h2dAJ3TGQ=",
      "dev": true,
      "requires": {
        "punycode": "1.3.2",
        "querystring": "0.2.0"
      }
    },
    "uuid": {
      "version": "3.3.2",
      "resolved": "https://tylertech.jfrog.io/tylertech/api/npm/npm/uuid/-/uuid-3.3.2.tgz",
      "integrity": "sha1-G0r0lV6zB3xQHCOHL8ZROBFYcTE=",
      "dev": true
    },
    "xml2js": {
      "version": "0.4.19",
      "resolved": "https://tylertech.jfrog.io/tylertech/api/npm/npm/xml2js/-/xml2js-0.4.19.tgz",
      "integrity": "sha1-aGwg8hMgnpSr8NG88e+qKRx4J6c=",
      "dev": true,
      "requires": {
        "sax": ">=0.6.0",
        "xmlbuilder": "~9.0.1"
      }
    },
    "xmlbuilder": {
      "version": "9.0.7",
      "resolved": "https://tylertech.jfrog.io/tylertech/api/npm/npm/xmlbuilder/-/xmlbuilder-9.0.7.tgz",
      "integrity": "sha1-Ey7mPS7FVlxVfiD0wi35rKaGsQ0=",
      "dev": true
    }
  }
}
