{
  "requires": true,
  "lockfileVersion": 1,
  "dependencies": {
    "@types/body-parser": {
      "version": "1.19.0",
      "resolved": "https://tylertech.jfrog.io/tylertech/api/npm/npm/@types/body-parser/-/body-parser-1.19.0.tgz",
      "integrity": "sha1-BoWzxH6zAG/+0RfN1VFkth+AU48=",
      "requires": {
        "@types/connect": "*",
        "@types/node": "*"
      }
    },
    "@types/connect": {
      "version": "3.4.33",
      "resolved": "https://tylertech.jfrog.io/tylertech/api/npm/npm/@types/connect/-/connect-3.4.33.tgz",
      "integrity": "sha1-MWEMkB7KVzuHE8MzCrxua59YhUY=",
      "requires": {
        "@types/node": "*"
      }
    },
    "@types/continuation-local-storage": {
      "version": "3.2.2",
      "resolved": "https://tylertech.jfrog.io/tylertech/api/npm/npm/@types/continuation-local-storage/-/continuation-local-storage-3.2.2.tgz",
      "integrity": "sha1-fL8XemIG7Oh7xLgIeEdyrSql9ts=",
      "requires": {
        "@types/node": "*"
      }
    },
    "@types/express": {
      "version": "4.17.3",
      "resolved": "https://tylertech.jfrog.io/tylertech/api/npm/npm/@types/express/-/express-4.17.3.tgz",
      "integrity": "sha1-OORFjOIGeHOwmnOQjfSIhwwwO9k=",
      "requires": {
        "@types/body-parser": "*",
        "@types/express-serve-static-core": "*",
        "@types/serve-static": "*"
      }
    },
    "@types/express-serve-static-core": {
      "version": "4.17.3",
      "resolved": "https://tylertech.jfrog.io/tylertech/api/npm/npm/@types/express-serve-static-core/-/express-serve-static-core-4.17.3.tgz",
      "integrity": "sha1-3IBo7j41TX+6af64az3+7kmxDwk=",
      "requires": {
        "@types/node": "*",
        "@types/range-parser": "*"
      }
    },
    "@types/mime": {
      "version": "2.0.1",
      "resolved": "https://tylertech.jfrog.io/tylertech/api/npm/npm/@types/mime/-/mime-2.0.1.tgz",
      "integrity": "sha1-3EiIQjEqfwdRSTEpBbXjwLBUx50="
    },
    "@types/mysql": {
      "version": "2.15.9",
      "resolved": "https://tylertech.jfrog.io/tylertech/api/npm/npm/@types/mysql/-/mysql-2.15.9.tgz",
      "integrity": "sha1-L9SqpdubraiMnTbKqyIAghS4RlM=",
      "requires": {
        "@types/node": "*"
      }
    },
    "@types/node": {
      "version": "13.9.8",
      "resolved": "https://tylertech.jfrog.io/tylertech/api/npm/npm/@types/node/-/node-13.9.8.tgz",
      "integrity": "sha1-CZdkIPyAp6AL9AaAxjgV7Yx2FvQ="
    },
    "@types/pg": {
      "version": "7.14.3",
      "resolved": "https://tylertech.jfrog.io/tylertech/api/npm/npm/@types/pg/-/pg-7.14.3.tgz",
      "integrity": "sha1-6xZuT0KHkjiQsQ7SA3H5N5OMuZU=",
      "requires": {
        "@types/node": "*",
        "@types/pg-types": "*"
      }
    },
    "@types/pg-types": {
      "version": "1.11.5",
      "resolved": "https://tylertech.jfrog.io/tylertech/api/npm/npm/@types/pg-types/-/pg-types-1.11.5.tgz",
      "integrity": "sha1-Huu+YrZ3L8x1wYlXqQ+TPRVeAFs="
    },
    "@types/range-parser": {
      "version": "1.2.3",
      "resolved": "https://tylertech.jfrog.io/tylertech/api/npm/npm/@types/range-parser/-/range-parser-1.2.3.tgz",
      "integrity": "sha1-fuMwunyq+5gJC+zoal7kQRWQTCw="
    },
    "@types/serve-static": {
      "version": "1.13.3",
      "resolved": "https://tylertech.jfrog.io/tylertech/api/npm/npm/@types/serve-static/-/serve-static-1.13.3.tgz",
      "integrity": "sha1-634cQcRGgnJVfol+kXHe1eLe2dE=",
      "requires": {
        "@types/express-serve-static-core": "*",
        "@types/mime": "*"
      }
    },
    "any-base": {
      "version": "1.1.0",
      "resolved": "https://tylertech.jfrog.io/tylertech/api/npm/npm/any-base/-/any-base-1.1.0.tgz",
      "integrity": "sha1-rhAaYrwIpZe0yatbcInUVmMFSf4="
    },
    "async": {
      "version": "1.0.0",
      "resolved": "https://tylertech.jfrog.io/tylertech/api/npm/npm/async/-/async-1.0.0.tgz",
      "integrity": "sha1-+PwEyjoTeErenhZBr5hXjPvWR6k="
    },
    "async-listener": {
      "version": "0.6.10",
      "resolved": "https://tylertech.jfrog.io/tylertech/api/npm/npm/async-listener/-/async-listener-0.6.10.tgz",
      "integrity": "sha1-p8l6vlcLpgLXgic8DeYKUePhfLw=",
      "requires": {
        "semver": "^5.3.0",
        "shimmer": "^1.1.0"
      }
    },
    "atomic-batcher": {
      "version": "1.0.2",
      "resolved": "https://tylertech.jfrog.io/tylertech/api/npm/npm/atomic-batcher/-/atomic-batcher-1.0.2.tgz",
      "integrity": "sha1-0WkB0QzOxZUWwZe5zNiTBom4E7Q="
    },
    "aws-sdk": {
      "version": "2.649.0",
      "resolved": "https://tylertech.jfrog.io/tylertech/api/npm/npm/aws-sdk/-/aws-sdk-2.649.0.tgz",
      "integrity": "sha1-pgBYQXGlOk3PCddo5RS3vcQIq6s=",
      "requires": {
        "buffer": "4.9.1",
        "events": "1.1.1",
        "ieee754": "1.1.13",
        "jmespath": "0.15.0",
        "querystring": "0.2.0",
        "sax": "1.2.1",
        "url": "0.10.3",
        "uuid": "3.3.2",
        "xml2js": "0.4.19"
      }
    },
    "aws-xray-sdk": {
      "version": "2.5.0",
      "resolved": "https://tylertech.jfrog.io/tylertech/api/npm/npm/aws-xray-sdk/-/aws-xray-sdk-2.5.0.tgz",
      "integrity": "sha1-ku2Dnq5v+jFDU96PXniycqw/fhc=",
      "requires": {
        "aws-xray-sdk-core": "^2.5.0",
        "aws-xray-sdk-express": "^2.5.0",
        "aws-xray-sdk-mysql": "^2.5.0",
        "aws-xray-sdk-postgres": "^2.5.0",
        "pkginfo": "^0.4.0"
      }
    },
    "aws-xray-sdk-core": {
      "version": "2.5.0",
      "resolved": "https://tylertech.jfrog.io/tylertech/api/npm/npm/aws-xray-sdk-core/-/aws-xray-sdk-core-2.5.0.tgz",
      "integrity": "sha1-Tm8SYn3frByP1z2RV3HLdmmXfDg=",
      "requires": {
        "@types/continuation-local-storage": "*",
        "atomic-batcher": "^1.0.2",
        "aws-sdk": "^2.304.0",
        "continuation-local-storage": "^3.2.0",
        "date-fns": "^1.29.0",
        "pkginfo": "^0.4.0",
        "semver": "^5.3.0",
        "winston": "^2.4.4"
      }
    },
    "aws-xray-sdk-express": {
      "version": "2.5.0",
      "resolved": "https://tylertech.jfrog.io/tylertech/api/npm/npm/aws-xray-sdk-express/-/aws-xray-sdk-express-2.5.0.tgz",
      "integrity": "sha1-Y/20gu3GmfuANVXqrdd6H3XuVlU=",
      "requires": {
        "@types/express": "*"
      }
    },
    "aws-xray-sdk-mysql": {
      "version": "2.5.0",
      "resolved": "https://tylertech.jfrog.io/tylertech/api/npm/npm/aws-xray-sdk-mysql/-/aws-xray-sdk-mysql-2.5.0.tgz",
      "integrity": "sha1-yFCEFVkG7Hpe3lANsZXcBC18T/g=",
      "requires": {
        "@types/mysql": "*"
      }
    },
    "aws-xray-sdk-postgres": {
      "version": "2.5.0",
      "resolved": "https://tylertech.jfrog.io/tylertech/api/npm/npm/aws-xray-sdk-postgres/-/aws-xray-sdk-postgres-2.5.0.tgz",
      "integrity": "sha1-iFxj3C7sk+A5EuJKGl3Xul4NHv0=",
      "requires": {
        "@types/pg": "*"
      }
    },
    "base64-js": {
      "version": "1.3.1",
      "resolved": "https://tylertech.jfrog.io/tylertech/api/npm/npm/base64-js/-/base64-js-1.3.1.tgz",
      "integrity": "sha1-WOzoy3XdB+ce0IxzarxfrE2/jfE="
    },
    "buffer": {
      "version": "4.9.1",
      "resolved": "https://tylertech.jfrog.io/tylertech/api/npm/npm/buffer/-/buffer-4.9.1.tgz",
      "integrity": "sha1-bRu2AbB6TvztlwlBMgkwJ8lbwpg=",
      "requires": {
        "base64-js": "^1.0.2",
        "ieee754": "^1.1.4",
        "isarray": "^1.0.0"
      }
    },
    "colors": {
      "version": "1.0.3",
      "resolved": "https://tylertech.jfrog.io/tylertech/api/npm/npm/colors/-/colors-1.0.3.tgz",
      "integrity": "sha1-BDP0TYCWgP3rYO0mDxsMJi6CpAs="
    },
    "continuation-local-storage": {
      "version": "3.2.1",
      "resolved": "https://tylertech.jfrog.io/tylertech/api/npm/npm/continuation-local-storage/-/continuation-local-storage-3.2.1.tgz",
      "integrity": "sha1-EfYT906RT+mzTJKtLSj+auHbf/s=",
      "requires": {
        "async-listener": "^0.6.0",
        "emitter-listener": "^1.1.1"
      }
    },
    "cycle": {
      "version": "1.0.3",
      "resolved": "https://tylertech.jfrog.io/tylertech/api/npm/npm/cycle/-/cycle-1.0.3.tgz",
      "integrity": "sha1-IegLK+hYD5i0aPN5QwZisEbDStI="
    },
    "date-fns": {
      "version": "1.30.1",
      "resolved": "https://tylertech.jfrog.io/tylertech/api/npm/npm/date-fns/-/date-fns-1.30.1.tgz",
      "integrity": "sha1-LnG/CxGRU9u0zE6I2epaz7UNwFw="
    },
    "emitter-listener": {
      "version": "1.1.2",
      "resolved": "https://tylertech.jfrog.io/tylertech/api/npm/npm/emitter-listener/-/emitter-listener-1.1.2.tgz",
      "integrity": "sha1-VrFA6PaZI3Wz18ssqxzHQy2WMug=",
      "requires": {
        "shimmer": "^1.2.0"
      }
    },
    "events": {
      "version": "1.1.1",
      "resolved": "https://tylertech.jfrog.io/tylertech/api/npm/npm/events/-/events-1.1.1.tgz",
      "integrity": "sha1-nr23Y1rQmccNzEwqH1AEKI6L2SQ="
    },
    "eyes": {
      "version": "0.1.8",
      "resolved": "https://tylertech.jfrog.io/tylertech/api/npm/npm/eyes/-/eyes-0.1.8.tgz",
      "integrity": "sha1-Ys8SAjTGg3hdkCNIqADvPgzCC8A="
    },
    "ieee754": {
      "version": "1.1.13",
      "resolved": "https://tylertech.jfrog.io/tylertech/api/npm/npm/ieee754/-/ieee754-1.1.13.tgz",
      "integrity": "sha1-7BaFWOlaoYH9h9N/VcMrvLZwi4Q="
    },
    "isarray": {
      "version": "1.0.0",
      "resolved": "https://tylertech.jfrog.io/tylertech/api/npm/npm/isarray/-/isarray-1.0.0.tgz",
      "integrity": "sha1-u5NdSFgsuhaMBoNJV6VKPgcSTxE="
    },
    "isstream": {
      "version": "0.1.2",
      "resolved": "https://tylertech.jfrog.io/tylertech/api/npm/npm/isstream/-/isstream-0.1.2.tgz",
      "integrity": "sha1-R+Y/evVa+m+S4VAOaQ64uFKcCZo="
    },
    "jmespath": {
      "version": "0.15.0",
      "resolved": "https://tylertech.jfrog.io/tylertech/api/npm/npm/jmespath/-/jmespath-0.15.0.tgz",
      "integrity": "sha1-o/Iiqarp+Wb10nx5ZRDigJF2Qhc="
    },
    "pkginfo": {
      "version": "0.4.1",
      "resolved": "https://tylertech.jfrog.io/tylertech/api/npm/npm/pkginfo/-/pkginfo-0.4.1.tgz",
      "integrity": "sha1-tUGO8EOd5UJfxJlQQtztFPsqhP8="
    },
    "punycode": {
      "version": "1.3.2",
      "resolved": "https://tylertech.jfrog.io/tylertech/api/npm/npm/punycode/-/punycode-1.3.2.tgz",
      "integrity": "sha1-llOgNvt8HuQjQvIyXM7v6jkmxI0="
    },
    "querystring": {
      "version": "0.2.0",
      "resolved": "https://tylertech.jfrog.io/tylertech/api/npm/npm/querystring/-/querystring-0.2.0.tgz",
      "integrity": "sha1-sgmEkgO7Jd+CDadW50cAWHhSFiA="
    },
    "sax": {
      "version": "1.2.1",
      "resolved": "https://tylertech.jfrog.io/tylertech/api/npm/npm/sax/-/sax-1.2.1.tgz",
      "integrity": "sha1-e45lYZCyKOgaZq6nSEgNgozS03o="
    },
    "semver": {
      "version": "5.7.1",
      "resolved": "https://tylertech.jfrog.io/tylertech/api/npm/npm/semver/-/semver-5.7.1.tgz",
      "integrity": "sha1-qVT5Ma66UI0we78Gnv8MAclhFvc="
    },
    "shimmer": {
      "version": "1.2.1",
      "resolved": "https://tylertech.jfrog.io/tylertech/api/npm/npm/shimmer/-/shimmer-1.2.1.tgz",
      "integrity": "sha1-YQhZ994ye1h+/r9QH7QxF/mv8zc="
    },
    "short-uuid": {
      "version": "3.1.1",
      "resolved": "https://tylertech.jfrog.io/tylertech/api/npm/npm/short-uuid/-/short-uuid-3.1.1.tgz",
      "integrity": "sha1-P/QnB0tfp4IsN5OZTRinqC4vc6Q=",
      "requires": {
        "any-base": "^1.1.0",
        "uuid": "^3.3.2"
      }
    },
    "stack-trace": {
      "version": "0.0.10",
      "resolved": "https://tylertech.jfrog.io/tylertech/api/npm/npm/stack-trace/-/stack-trace-0.0.10.tgz",
      "integrity": "sha1-VHxws0fo0ytOEI6hoqFZ5f3eGcA="
    },
    "url": {
      "version": "0.10.3",
      "resolved": "https://tylertech.jfrog.io/tylertech/api/npm/npm/url/-/url-0.10.3.tgz",
      "integrity": "sha1-Ah5NnHcF8hu/N9A861h2dAJ3TGQ=",
      "requires": {
        "punycode": "1.3.2",
        "querystring": "0.2.0"
      }
    },
    "uuid": {
      "version": "3.3.2",
      "resolved": "https://tylertech.jfrog.io/tylertech/api/npm/npm/uuid/-/uuid-3.3.2.tgz",
      "integrity": "sha1-G0r0lV6zB3xQHCOHL8ZROBFYcTE="
    },
    "winston": {
      "version": "2.4.4",
      "resolved": "https://tylertech.jfrog.io/tylertech/api/npm/npm/winston/-/winston-2.4.4.tgz",
      "integrity": "sha1-oB5NHQoQPPTq2m/B+IazEQ1xw0s=",
      "requires": {
        "async": "~1.0.0",
        "colors": "1.0.x",
        "cycle": "1.0.x",
        "eyes": "0.1.x",
        "isstream": "0.1.x",
        "stack-trace": "0.0.x"
      }
    },
    "xml2js": {
      "version": "0.4.19",
      "resolved": "https://tylertech.jfrog.io/tylertech/api/npm/npm/xml2js/-/xml2js-0.4.19.tgz",
      "integrity": "sha1-aGwg8hMgnpSr8NG88e+qKRx4J6c=",
      "requires": {
        "sax": ">=0.6.0",
        "xmlbuilder": "~9.0.1"
      }
    },
    "xmlbuilder": {
      "version": "9.0.7",
      "resolved": "https://tylertech.jfrog.io/tylertech/api/npm/npm/xmlbuilder/-/xmlbuilder-9.0.7.tgz",
      "integrity": "sha1-Ey7mPS7FVlxVfiD0wi35rKaGsQ0="
    }
  }
}
