{
  "requires": true,
  "lockfileVersion": 1,
  "dependencies": {
    "@types/body-parser": {
      "version": "1.19.0",
      "resolved": "https://tylertech.jfrog.io/tylertech/api/npm/npm/@types/body-parser/-/body-parser-1.19.0.tgz",
      "integrity": "sha1-BoWzxH6zAG/+0RfN1VFkth+AU48=",
      "requires": {
        "@types/connect": "*",
        "@types/node": "*"
      }
    },
    "@types/connect": {
      "version": "3.4.33",
      "resolved": "https://tylertech.jfrog.io/tylertech/api/npm/npm/@types/connect/-/connect-3.4.33.tgz",
      "integrity": "sha1-MWEMkB7KVzuHE8MzCrxua59YhUY=",
      "requires": {
        "@types/node": "*"
      }
    },
    "@types/express": {
      "version": "4.17.3",
      "resolved": "https://tylertech.jfrog.io/tylertech/api/npm/npm/@types/express/-/express-4.17.3.tgz",
      "integrity": "sha1-OORFjOIGeHOwmnOQjfSIhwwwO9k=",
      "requires": {
        "@types/body-parser": "*",
        "@types/express-serve-static-core": "*",
        "@types/serve-static": "*"
      }
    },
    "@types/express-serve-static-core": {
      "version": "4.17.2",
      "resolved": "https://tylertech.jfrog.io/tylertech/api/npm/npm/@types/express-serve-static-core/-/express-serve-static-core-4.17.2.tgz",
      "integrity": "sha1-9vQfo11C552/ZhDsy7JjfmAIoM8=",
      "requires": {
        "@types/node": "*",
        "@types/range-parser": "*"
      }
    },
    "@types/mime": {
      "version": "2.0.1",
      "resolved": "https://tylertech.jfrog.io/tylertech/api/npm/npm/@types/mime/-/mime-2.0.1.tgz",
      "integrity": "sha1-3EiIQjEqfwdRSTEpBbXjwLBUx50="
    },
    "@types/node": {
      "version": "13.9.0",
      "resolved": "https://tylertech.jfrog.io/tylertech/api/npm/npm/@types/node/-/node-13.9.0.tgz",
      "integrity": "sha1-W27np3+qzd195xkBfQvBL1L4FYk="
    },
    "@types/range-parser": {
      "version": "1.2.3",
      "resolved": "https://tylertech.jfrog.io/tylertech/api/npm/npm/@types/range-parser/-/range-parser-1.2.3.tgz",
      "integrity": "sha1-fuMwunyq+5gJC+zoal7kQRWQTCw="
    },
    "@types/serve-static": {
      "version": "1.13.3",
      "resolved": "https://tylertech.jfrog.io/tylertech/api/npm/npm/@types/serve-static/-/serve-static-1.13.3.tgz",
      "integrity": "sha1-634cQcRGgnJVfol+kXHe1eLe2dE=",
      "requires": {
        "@types/express-serve-static-core": "*",
        "@types/mime": "*"
      }
    },
    "ajv": {
      "version": "6.12.0",
      "resolved": "https://tylertech.jfrog.io/tylertech/api/npm/npm/ajv/-/ajv-6.12.0.tgz",
      "integrity": "sha1-BtYLlth7hFSlrauobnhU2mKdtLc=",
      "requires": {
        "fast-deep-equal": "^3.1.1",
        "fast-json-stable-stringify": "^2.0.0",
        "json-schema-traverse": "^0.4.1",
        "uri-js": "^4.2.2"
      }
    },
    "any-base": {
      "version": "1.1.0",
      "resolved": "https://tylertech.jfrog.io/tylertech/api/npm/npm/any-base/-/any-base-1.1.0.tgz",
      "integrity": "sha1-rhAaYrwIpZe0yatbcInUVmMFSf4="
    },
    "asap": {
      "version": "2.0.6",
      "resolved": "https://tylertech.jfrog.io/tylertech/api/npm/npm/asap/-/asap-2.0.6.tgz",
      "integrity": "sha1-5QNHYR1+aQlDIIu9r+vLwvuGbUY="
    },
    "asn1": {
      "version": "0.2.4",
      "resolved": "https://tylertech.jfrog.io/tylertech/api/npm/npm/asn1/-/asn1-0.2.4.tgz",
      "integrity": "sha1-jSR136tVO7M+d7VOWeiAu4ziMTY=",
      "requires": {
        "safer-buffer": "~2.1.0"
      }
    },
    "assert-plus": {
      "version": "1.0.0",
      "resolved": "https://tylertech.jfrog.io/tylertech/api/npm/npm/assert-plus/-/assert-plus-1.0.0.tgz",
      "integrity": "sha1-8S4PPF13sLHN2RRpQuTpbB5N1SU="
    },
    "asynckit": {
      "version": "0.4.0",
      "resolved": "https://tylertech.jfrog.io/tylertech/api/npm/npm/asynckit/-/asynckit-0.4.0.tgz",
      "integrity": "sha1-x57Zf380y48robyXkLzDZkdLS3k="
    },
    "aws-sign2": {
      "version": "0.7.0",
      "resolved": "https://tylertech.jfrog.io/tylertech/api/npm/npm/aws-sign2/-/aws-sign2-0.7.0.tgz",
      "integrity": "sha1-tG6JCTSpWR8tL2+G1+ap8bP+dqg="
    },
    "aws4": {
      "version": "1.9.1",
      "resolved": "https://tylertech.jfrog.io/tylertech/api/npm/npm/aws4/-/aws4-1.9.1.tgz",
      "integrity": "sha1-fjPY99RJs/ZzzXLeuavcVS2+Uo4="
    },
    "bcrypt-pbkdf": {
      "version": "1.0.2",
      "resolved": "https://tylertech.jfrog.io/tylertech/api/npm/npm/bcrypt-pbkdf/-/bcrypt-pbkdf-1.0.2.tgz",
      "integrity": "sha1-pDAdOJtqQ/m2f/PKEaP2Y342Dp4=",
      "requires": {
        "tweetnacl": "^0.14.3"
      }
    },
    "buffer-equal-constant-time": {
      "version": "1.0.1",
      "resolved": "https://tylertech.jfrog.io/tylertech/api/npm/npm/buffer-equal-constant-time/-/buffer-equal-constant-time-1.0.1.tgz",
      "integrity": "sha1-+OcRMvf/5uAaXJaXpMbz5I1cyBk="
    },
    "caseless": {
      "version": "0.12.0",
      "resolved": "https://tylertech.jfrog.io/tylertech/api/npm/npm/caseless/-/caseless-0.12.0.tgz",
      "integrity": "sha1-G2gcIf+EAzyCZUMJBolCDRhxUdw="
    },
    "combined-stream": {
      "version": "1.0.8",
      "resolved": "https://tylertech.jfrog.io/tylertech/api/npm/npm/combined-stream/-/combined-stream-1.0.8.tgz",
      "integrity": "sha1-w9RaizT9cwYxoRCoolIGgrMdWn8=",
      "requires": {
        "delayed-stream": "~1.0.0"
      }
    },
    "core-util-is": {
      "version": "1.0.2",
      "resolved": "https://tylertech.jfrog.io/tylertech/api/npm/npm/core-util-is/-/core-util-is-1.0.2.tgz",
      "integrity": "sha1-tf1UIgqivFq1eqtxQMlAdUUDwac="
    },
    "dashdash": {
      "version": "1.14.1",
      "resolved": "https://tylertech.jfrog.io/tylertech/api/npm/npm/dashdash/-/dashdash-1.14.1.tgz",
      "integrity": "sha1-hTz6D3y+L+1d4gMmuN1YEDX24vA=",
      "requires": {
        "assert-plus": "^1.0.0"
      }
    },
    "dayjs": {
      "version": "1.8.22",
      "resolved": "https://tylertech.jfrog.io/tylertech/api/npm/npm/dayjs/-/dayjs-1.8.22.tgz",
      "integrity": "sha1-XoNdd2s3PiFmeL6NEsM22nGiWpw="
    },
    "delayed-stream": {
      "version": "1.0.0",
      "resolved": "https://tylertech.jfrog.io/tylertech/api/npm/npm/delayed-stream/-/delayed-stream-1.0.0.tgz",
      "integrity": "sha1-3zrhmayt+31ECqrgsp4icrJOxhk="
    },
    "ecc-jsbn": {
      "version": "0.1.2",
      "resolved": "https://tylertech.jfrog.io/tylertech/api/npm/npm/ecc-jsbn/-/ecc-jsbn-0.1.2.tgz",
      "integrity": "sha1-OoOpBOVDUyh4dMVkt1SThoSamMk=",
      "requires": {
        "jsbn": "~0.1.0",
        "safer-buffer": "^2.1.0"
      }
    },
    "ecdsa-sig-formatter": {
      "version": "1.0.11",
      "resolved": "https://tylertech.jfrog.io/tylertech/api/npm/npm/ecdsa-sig-formatter/-/ecdsa-sig-formatter-1.0.11.tgz",
      "integrity": "sha1-rg8PothQRe8UqBfao86azQSJ5b8=",
      "requires": {
        "safe-buffer": "^5.0.1"
      }
    },
    "extend": {
      "version": "3.0.2",
      "resolved": "https://tylertech.jfrog.io/tylertech/api/npm/npm/extend/-/extend-3.0.2.tgz",
      "integrity": "sha1-+LETa0Bx+9jrFAr/hYsQGewpFfo="
    },
    "extsprintf": {
      "version": "1.3.0",
      "resolved": "https://tylertech.jfrog.io/tylertech/api/npm/npm/extsprintf/-/extsprintf-1.3.0.tgz",
      "integrity": "sha1-lpGEQOMEGnpBT4xS48V06zw+HgU="
    },
    "fast-deep-equal": {
      "version": "3.1.1",
      "resolved": "https://tylertech.jfrog.io/tylertech/api/npm/npm/fast-deep-equal/-/fast-deep-equal-3.1.1.tgz",
      "integrity": "sha1-VFFFB3xQFJHjOxXsQIwpQ3bpSuQ="
    },
    "fast-json-stable-stringify": {
      "version": "2.1.0",
      "resolved": "https://tylertech.jfrog.io/tylertech/api/npm/npm/fast-json-stable-stringify/-/fast-json-stable-stringify-2.1.0.tgz",
      "integrity": "sha1-h0v2nG9ATCtdmcSBNBOZ/VWJJjM="
    },
    "forever-agent": {
      "version": "0.6.1",
      "resolved": "https://tylertech.jfrog.io/tylertech/api/npm/npm/forever-agent/-/forever-agent-0.6.1.tgz",
      "integrity": "sha1-+8cfDEGt6zf5bFd60e1C2P2sypE="
    },
    "form-data": {
      "version": "2.3.3",
      "resolved": "https://tylertech.jfrog.io/tylertech/api/npm/npm/form-data/-/form-data-2.3.3.tgz",
      "integrity": "sha1-3M5SwF9kTymManq5Nr1yTO/786Y=",
      "requires": {
        "asynckit": "^0.4.0",
        "combined-stream": "^1.0.6",
        "mime-types": "^2.1.12"
      }
    },
    "getpass": {
      "version": "0.1.7",
      "resolved": "https://tylertech.jfrog.io/tylertech/api/npm/npm/getpass/-/getpass-0.1.7.tgz",
      "integrity": "sha1-Xv+OPmhNVprkyysSgmBOi6YhSfo=",
      "requires": {
        "assert-plus": "^1.0.0"
      }
    },
    "har-schema": {
      "version": "2.0.0",
      "resolved": "https://tylertech.jfrog.io/tylertech/api/npm/npm/har-schema/-/har-schema-2.0.0.tgz",
      "integrity": "sha1-qUwiJOvKwEeCoNkDVSHyRzW37JI="
    },
    "har-validator": {
      "version": "5.1.3",
      "resolved": "https://tylertech.jfrog.io/tylertech/api/npm/npm/har-validator/-/har-validator-5.1.3.tgz",
      "integrity": "sha1-HvievT5JllV2de7ZiTEQ3DUPoIA=",
      "requires": {
        "ajv": "^6.5.5",
        "har-schema": "^2.0.0"
      }
    },
    "http-signature": {
      "version": "1.2.0",
      "resolved": "https://tylertech.jfrog.io/tylertech/api/npm/npm/http-signature/-/http-signature-1.2.0.tgz",
      "integrity": "sha1-muzZJRFHcvPZW2WmCruPfBj7rOE=",
      "requires": {
        "assert-plus": "^1.0.0",
        "jsprim": "^1.2.2",
        "sshpk": "^1.7.0"
      }
    },
    "http-status-codes": {
      "version": "1.4.0",
      "resolved": "https://tylertech.jfrog.io/tylertech/api/npm/npm/http-status-codes/-/http-status-codes-1.4.0.tgz",
      "integrity": "sha1-bkwV0W/zqeLfA7ifOlXhquBftHc="
    },
    "is-typedarray": {
      "version": "1.0.0",
      "resolved": "https://tylertech.jfrog.io/tylertech/api/npm/npm/is-typedarray/-/is-typedarray-1.0.0.tgz",
      "integrity": "sha1-5HnICFjfDBsR3dppQPlgEfzaSpo="
    },
    "isstream": {
      "version": "0.1.2",
      "resolved": "https://tylertech.jfrog.io/tylertech/api/npm/npm/isstream/-/isstream-0.1.2.tgz",
      "integrity": "sha1-R+Y/evVa+m+S4VAOaQ64uFKcCZo="
    },
    "jsbn": {
      "version": "0.1.1",
      "resolved": "https://tylertech.jfrog.io/tylertech/api/npm/npm/jsbn/-/jsbn-0.1.1.tgz",
      "integrity": "sha1-peZUwuWi3rXyAdls77yoDA7y9RM="
    },
    "json-schema": {
      "version": "0.2.3",
      "resolved": "https://tylertech.jfrog.io/tylertech/api/npm/npm/json-schema/-/json-schema-0.2.3.tgz",
      "integrity": "sha1-tIDIkuWaLwWVTOcnvT8qTogvnhM="
    },
    "json-schema-traverse": {
      "version": "0.4.1",
      "resolved": "https://tylertech.jfrog.io/tylertech/api/npm/npm/json-schema-traverse/-/json-schema-traverse-0.4.1.tgz",
      "integrity": "sha1-afaofZUTq4u4/mO9sJecRI5oRmA="
    },
    "json-stringify-safe": {
      "version": "5.0.1",
      "resolved": "https://tylertech.jfrog.io/tylertech/api/npm/npm/json-stringify-safe/-/json-stringify-safe-5.0.1.tgz",
      "integrity": "sha1-Epai1Y/UXxmg9s4B1lcB4sc1tus="
    },
    "jsonwebtoken": {
      "version": "8.5.1",
      "resolved": "https://tylertech.jfrog.io/tylertech/api/npm/npm/jsonwebtoken/-/jsonwebtoken-8.5.1.tgz",
      "integrity": "sha1-AOceC431TCEhofJhN98igGc7zA0=",
      "requires": {
        "jws": "^3.2.2",
        "lodash.includes": "^4.3.0",
        "lodash.isboolean": "^3.0.3",
        "lodash.isinteger": "^4.0.4",
        "lodash.isnumber": "^3.0.3",
        "lodash.isplainobject": "^4.0.6",
        "lodash.isstring": "^4.0.1",
        "lodash.once": "^4.0.0",
        "ms": "^2.1.1",
        "semver": "^5.6.0"
      }
    },
    "jsprim": {
      "version": "1.4.1",
      "resolved": "https://tylertech.jfrog.io/tylertech/api/npm/npm/jsprim/-/jsprim-1.4.1.tgz",
      "integrity": "sha1-MT5mvB5cwG5Di8G3SZwuXFastqI=",
      "requires": {
        "assert-plus": "1.0.0",
        "extsprintf": "1.3.0",
        "json-schema": "0.2.3",
        "verror": "1.10.0"
      }
    },
    "jwa": {
      "version": "1.4.1",
      "resolved": "https://tylertech.jfrog.io/tylertech/api/npm/npm/jwa/-/jwa-1.4.1.tgz",
      "integrity": "sha1-dDwymFy56YZVUw1TZBtmyGRbA5o=",
      "requires": {
        "buffer-equal-constant-time": "1.0.1",
        "ecdsa-sig-formatter": "1.0.11",
        "safe-buffer": "^5.0.1"
      }
    },
    "jws": {
      "version": "3.2.2",
      "resolved": "https://tylertech.jfrog.io/tylertech/api/npm/npm/jws/-/jws-3.2.2.tgz",
      "integrity": "sha1-ABCZ82OUaMlBQADpmZX6UvtHgwQ=",
      "requires": {
        "jwa": "^1.4.1",
        "safe-buffer": "^5.0.1"
      }
    },
    "lodash": {
      "version": "4.17.15",
      "resolved": "https://tylertech.jfrog.io/tylertech/api/npm/npm/lodash/-/lodash-4.17.15.tgz",
      "integrity": "sha1-tEf2ZwoEVbv+7dETku/zMOoJdUg="
    },
    "lodash.includes": {
      "version": "4.3.0",
      "resolved": "https://tylertech.jfrog.io/tylertech/api/npm/npm/lodash.includes/-/lodash.includes-4.3.0.tgz",
      "integrity": "sha1-YLuYqHy5I8aMoeUTJUgzFISfVT8="
    },
    "lodash.isboolean": {
      "version": "3.0.3",
      "resolved": "https://tylertech.jfrog.io/tylertech/api/npm/npm/lodash.isboolean/-/lodash.isboolean-3.0.3.tgz",
      "integrity": "sha1-bC4XHbKiV82WgC/UOwGyDV9YcPY="
    },
    "lodash.isinteger": {
      "version": "4.0.4",
      "resolved": "https://tylertech.jfrog.io/tylertech/api/npm/npm/lodash.isinteger/-/lodash.isinteger-4.0.4.tgz",
      "integrity": "sha1-YZwK89A/iwTDH1iChAt3sRzWg0M="
    },
    "lodash.isnumber": {
      "version": "3.0.3",
      "resolved": "https://tylertech.jfrog.io/tylertech/api/npm/npm/lodash.isnumber/-/lodash.isnumber-3.0.3.tgz",
      "integrity": "sha1-POdoEMWSjQM1IwGsKHMX8RwLH/w="
    },
    "lodash.isplainobject": {
      "version": "4.0.6",
      "resolved": "https://tylertech.jfrog.io/tylertech/api/npm/npm/lodash.isplainobject/-/lodash.isplainobject-4.0.6.tgz",
      "integrity": "sha1-fFJqUtibRcRcxpC4gWO+BJf1UMs="
    },
    "lodash.isstring": {
      "version": "4.0.1",
      "resolved": "https://tylertech.jfrog.io/tylertech/api/npm/npm/lodash.isstring/-/lodash.isstring-4.0.1.tgz",
      "integrity": "sha1-1SfftUVuynzJu5XV2ur4i6VKVFE="
    },
    "lodash.once": {
      "version": "4.1.1",
      "resolved": "https://tylertech.jfrog.io/tylertech/api/npm/npm/lodash.once/-/lodash.once-4.1.1.tgz",
      "integrity": "sha1-DdOXEhPHxW34gJd9UEyI+0cal6w="
    },
    "mime-db": {
      "version": "1.43.0",
      "resolved": "https://tylertech.jfrog.io/tylertech/api/npm/npm/mime-db/-/mime-db-1.43.0.tgz",
      "integrity": "sha1-ChLgUCZQ5HPXNVNQUOfI9OtPrlg="
    },
    "mime-types": {
      "version": "2.1.26",
      "resolved": "https://tylertech.jfrog.io/tylertech/api/npm/npm/mime-types/-/mime-types-2.1.26.tgz",
      "integrity": "sha1-nJIfwJt+FJpl39wNpNIJlyALCgY=",
      "requires": {
        "mime-db": "1.43.0"
      }
    },
    "ms": {
      "version": "2.1.2",
      "resolved": "https://tylertech.jfrog.io/tylertech/api/npm/npm/ms/-/ms-2.1.2.tgz",
      "integrity": "sha1-0J0fNXtEP0kzgqjrPM0YOHKuYAk="
    },
    "oauth-sign": {
      "version": "0.9.0",
      "resolved": "https://tylertech.jfrog.io/tylertech/api/npm/npm/oauth-sign/-/oauth-sign-0.9.0.tgz",
      "integrity": "sha1-R6ewFrqmi1+g7PPe4IqFxnmsZFU="
    },
    "performance-now": {
      "version": "2.1.0",
      "resolved": "https://tylertech.jfrog.io/tylertech/api/npm/npm/performance-now/-/performance-now-2.1.0.tgz",
      "integrity": "sha1-Ywn04OX6kT7BxpMHrjZLSzd8nns="
    },
    "pop-iterate": {
      "version": "1.0.1",
      "resolved": "https://tylertech.jfrog.io/tylertech/api/npm/npm/pop-iterate/-/pop-iterate-1.0.1.tgz",
      "integrity": "sha1-zqz9q0q/NT16DyqqLB/Hs/lBO6M="
    },
    "psl": {
      "version": "1.7.0",
      "resolved": "https://tylertech.jfrog.io/tylertech/api/npm/npm/psl/-/psl-1.7.0.tgz",
      "integrity": "sha1-8cTEeo75cWfepda79IFtc26ISjw="
    },
    "punycode": {
      "version": "2.1.1",
      "resolved": "https://tylertech.jfrog.io/tylertech/api/npm/npm/punycode/-/punycode-2.1.1.tgz",
      "integrity": "sha1-tYsBCsQMIsVldhbI0sLALHv0eew="
    },
    "q": {
      "version": "2.0.3",
      "resolved": "https://tylertech.jfrog.io/tylertech/api/npm/npm/q/-/q-2.0.3.tgz",
      "integrity": "sha1-dbjbAlWhpa+C9Yw/Oqoe/sfQ0TQ=",
      "requires": {
        "asap": "^2.0.0",
        "pop-iterate": "^1.0.1",
        "weak-map": "^1.0.5"
      }
    },
    "qs": {
      "version": "6.5.2",
      "resolved": "https://tylertech.jfrog.io/tylertech/api/npm/npm/qs/-/qs-6.5.2.tgz",
      "integrity": "sha1-yzroBuh0BERYTvFUzo7pjUA/PjY="
    },
    "querystringify": {
      "version": "2.1.1",
      "resolved": "https://tylertech.jfrog.io/tylertech/api/npm/npm/querystringify/-/querystringify-2.1.1.tgz",
      "integrity": "sha1-YOWl/WSn+L+k0qsu1v30yFutFU4="
    },
    "request": {
      "version": "2.88.2",
      "resolved": "https://tylertech.jfrog.io/tylertech/api/npm/npm/request/-/request-2.88.2.tgz",
      "integrity": "sha1-1zyRhzHLWofaBH4gcjQUb2ZNErM=",
      "requires": {
        "aws-sign2": "~0.7.0",
        "aws4": "^1.8.0",
        "caseless": "~0.12.0",
        "combined-stream": "~1.0.6",
        "extend": "~3.0.2",
        "forever-agent": "~0.6.1",
        "form-data": "~2.3.2",
        "har-validator": "~5.1.3",
        "http-signature": "~1.2.0",
        "is-typedarray": "~1.0.0",
        "isstream": "~0.1.2",
        "json-stringify-safe": "~5.0.1",
        "mime-types": "~2.1.19",
        "oauth-sign": "~0.9.0",
        "performance-now": "^2.1.0",
        "qs": "~6.5.2",
        "safe-buffer": "^5.1.2",
        "tough-cookie": "~2.5.0",
        "tunnel-agent": "^0.6.0",
        "uuid": "^3.3.2"
      }
    },
    "requires-port": {
      "version": "1.0.0",
      "resolved": "https://tylertech.jfrog.io/tylertech/api/npm/npm/requires-port/-/requires-port-1.0.0.tgz",
      "integrity": "sha1-kl0mAdOaxIXgkc8NpcbmlNw9yv8="
    },
    "rootpath": {
      "version": "0.1.2",
      "resolved": "https://tylertech.jfrog.io/tylertech/api/npm/npm/rootpath/-/rootpath-0.1.2.tgz",
      "integrity": "sha1-Wzeah9ypBum5HWkKWZQ5vvJn6ms="
    },
    "safe-buffer": {
      "version": "5.2.0",
      "resolved": "https://tylertech.jfrog.io/tylertech/api/npm/npm/safe-buffer/-/safe-buffer-5.2.0.tgz",
      "integrity": "sha1-t02uxJsRSPiMZLaNSbHoFcHy9Rk="
    },
    "safer-buffer": {
      "version": "2.1.2",
      "resolved": "https://tylertech.jfrog.io/tylertech/api/npm/npm/safer-buffer/-/safer-buffer-2.1.2.tgz",
      "integrity": "sha1-RPoWGwGHuVSd2Eu5GAL5vYOFzWo="
    },
    "scmp": {
      "version": "2.1.0",
      "resolved": "https://tylertech.jfrog.io/tylertech/api/npm/npm/scmp/-/scmp-2.1.0.tgz",
      "integrity": "sha1-N7jhl8QlvetXCrkcw1azEaEfnJo="
    },
    "semver": {
      "version": "5.7.1",
      "resolved": "https://tylertech.jfrog.io/tylertech/api/npm/npm/semver/-/semver-5.7.1.tgz",
      "integrity": "sha1-qVT5Ma66UI0we78Gnv8MAclhFvc="
    },
    "short-uuid": {
      "version": "3.1.1",
      "resolved": "https://tylertech.jfrog.io/tylertech/api/npm/npm/short-uuid/-/short-uuid-3.1.1.tgz",
      "integrity": "sha1-P/QnB0tfp4IsN5OZTRinqC4vc6Q=",
      "requires": {
        "any-base": "^1.1.0",
        "uuid": "^3.3.2"
      }
    },
    "sshpk": {
      "version": "1.16.1",
      "resolved": "https://tylertech.jfrog.io/tylertech/api/npm/npm/sshpk/-/sshpk-1.16.1.tgz",
      "integrity": "sha1-+2YcC+8ps520B2nuOfpwCT1vaHc=",
      "requires": {
        "asn1": "~0.2.3",
        "assert-plus": "^1.0.0",
        "bcrypt-pbkdf": "^1.0.0",
        "dashdash": "^1.12.0",
        "ecc-jsbn": "~0.1.1",
        "getpass": "^0.1.1",
        "jsbn": "~0.1.0",
        "safer-buffer": "^2.0.2",
        "tweetnacl": "~0.14.0"
      }
    },
    "tough-cookie": {
      "version": "2.5.0",
      "resolved": "https://tylertech.jfrog.io/tylertech/api/npm/npm/tough-cookie/-/tough-cookie-2.5.0.tgz",
      "integrity": "sha1-zZ+yoKodWhK0c72fuW+j3P9lreI=",
      "requires": {
        "psl": "^1.1.28",
        "punycode": "^2.1.1"
      }
    },
    "tunnel-agent": {
      "version": "0.6.0",
      "resolved": "https://tylertech.jfrog.io/tylertech/api/npm/npm/tunnel-agent/-/tunnel-agent-0.6.0.tgz",
      "integrity": "sha1-J6XeoGs2sEoKmWZ3SykIaPD8QP0=",
      "requires": {
        "safe-buffer": "^5.0.1"
      }
    },
    "tweetnacl": {
      "version": "0.14.5",
      "resolved": "https://tylertech.jfrog.io/tylertech/api/npm/npm/tweetnacl/-/tweetnacl-0.14.5.tgz",
      "integrity": "sha1-WuaBd/GS1EViadEIr6k/+HQ/T2Q="
    },
    "twilio": {
      "version": "3.40.0",
      "resolved": "https://tylertech.jfrog.io/tylertech/api/npm/npm/twilio/-/twilio-3.40.0.tgz",
      "integrity": "sha1-CiMaK4K5Oq0KxsKxPVOKaL8N4Rk=",
      "requires": {
        "@types/express": "^4.17.3",
        "dayjs": "^1.8.21",
        "jsonwebtoken": "^8.5.1",
        "lodash": "^4.17.15",
        "q": "2.0.x",
        "request": "^2.88.2",
        "rootpath": "^0.1.2",
        "scmp": "^2.1.0",
        "url-parse": "^1.4.7",
        "xmlbuilder": "^13.0.2"
      }
    },
    "uri-js": {
      "version": "4.2.2",
      "resolved": "https://tylertech.jfrog.io/tylertech/api/npm/npm/uri-js/-/uri-js-4.2.2.tgz",
      "integrity": "sha1-lMVA4f93KVbiKZUHwBCupsiDjrA=",
      "requires": {
        "punycode": "^2.1.0"
      }
    },
    "url-parse": {
      "version": "1.4.7",
      "resolved": "https://tylertech.jfrog.io/tylertech/api/npm/npm/url-parse/-/url-parse-1.4.7.tgz",
      "integrity": "sha1-qKg1NejACjFuQDpdtKwbm4U64ng=",
      "requires": {
        "querystringify": "^2.1.1",
        "requires-port": "^1.0.0"
      }
    },
    "uuid": {
      "version": "3.4.0",
      "resolved": "https://tylertech.jfrog.io/tylertech/api/npm/npm/uuid/-/uuid-3.4.0.tgz",
      "integrity": "sha1-sj5DWK+oogL+ehAK8fX4g/AgB+4="
    },
    "verror": {
      "version": "1.10.0",
      "resolved": "https://tylertech.jfrog.io/tylertech/api/npm/npm/verror/-/verror-1.10.0.tgz",
      "integrity": "sha1-OhBcoXBTr1XW4nDB+CiGguGNpAA=",
      "requires": {
        "assert-plus": "^1.0.0",
        "core-util-is": "1.0.2",
        "extsprintf": "^1.2.0"
      }
    },
    "weak-map": {
      "version": "1.0.5",
      "resolved": "https://tylertech.jfrog.io/tylertech/api/npm/npm/weak-map/-/weak-map-1.0.5.tgz",
      "integrity": "sha1-eWkVhNmGB/UHC9O3CkDmuyLkAes="
    },
    "xmlbuilder": {
      "version": "13.0.2",
      "resolved": "https://tylertech.jfrog.io/tylertech/api/npm/npm/xmlbuilder/-/xmlbuilder-13.0.2.tgz",
      "integrity": "sha1-Aq4zYUtqBH0cMrU4nB/ayyvOR6c="
    }
  }
}
